
Microsoft Visual Studio Solution File, Format Version 12.00
# Visual Studio Version 16
VisualStudioVersion = 16.0.30907.101
MinimumVisualStudioVersion = 10.0.40219.1
Project("{9A19103F-16F7-4668-BE54-9A1E7A4F7556}") = "KampIntro", "KampIntro\KampIntro.csproj", "{28C91AA0-DED5-400E-94CE-0641F89C7701}"
EndProject
Project("{9A19103F-16F7-4668-BE54-9A1E7A4F7556}") = "Donguler", "Donguler\Donguler.csproj", "{1E4FCB20-FB06-4886-8872-EDE1E6F2F97B}"
EndProject
Project("{9A19103F-16F7-4668-BE54-9A1E7A4F7556}") = "ClassIntro", "ClassIntro\ClassIntro.csproj", "{442D2640-3676-435C-B70B-0452A35B0741}"
EndProject
Project("{FAE04EC0-301F-11D3-BF4B-00C04F79EFBC}") = "Metotlar", "Metotlar\Metotlar.csproj", "{BD23D347-CA4A-4976-9B6C-DBD8DA99DAF1}"
EndProject
Project("{FAE04EC0-301F-11D3-BF4B-00C04F79EFBC}") = "Matematik", "Matematik\Matematik.csproj", "{C0ECC2FB-9C92-4165-95AB-AF2639557F80}"
EndProject
Project("{FAE04EC0-301F-11D3-BF4B-00C04F79EFBC}") = "DegerVeReferansTipler", "DegerVeReferansTipler\DegerVeReferansTipler.csproj", "{A749BC4B-D9FC-4A3A-AAD4-5F09B6BFD98D}"
EndProject
Project("{FAE04EC0-301F-11D3-BF4B-00C04F79EFBC}") = "Odev3", "Odev3\Odev3.csproj", "{C1D07872-B785-4CCC-A253-FDBB400FC92E}"
EndProject
Project("{FAE04EC0-301F-11D3-BF4B-00C04F79EFBC}") = "OOP1", "OOP1\OOP1.csproj", "{B4209244-ECA4-40CC-9BD8-DF68FF4E7342}"
EndProject
Project("{FAE04EC0-301F-11D3-BF4B-00C04F79EFBC}") = "Koleksiyonlar", "Koleksiyonlar\Koleksiyonlar.csproj", "{FBF64A4E-1DEA-4BA3-8224-12293D968B98}"
EndProject
Project("{FAE04EC0-301F-11D3-BF4B-00C04F79EFBC}") = "GenericsIntro", "GenericsIntro\GenericsIntro.csproj", "{76898D7D-C6F9-4CEA-9A29-E4719F3C8492}"
EndProject
Project("{FAE04EC0-301F-11D3-BF4B-00C04F79EFBC}") = "OOP2", "OOP2\OOP2.csproj", "{12CBD557-053A-451D-A02E-49793CDC73F9}"
EndProject
Project("{FAE04EC0-301F-11D3-BF4B-00C04F79EFBC}") = "OOP3", "OOP3\OOP3.csproj", "{1A301EA2-AFD9-4F27-961B-3B2D98E60D7A}"
EndProject
Global
	GlobalSection(SolutionConfigurationPlatforms) = preSolution
		Debug|Any CPU = Debug|Any CPU
		Release|Any CPU = Release|Any CPU
	EndGlobalSection
	GlobalSection(ProjectConfigurationPlatforms) = postSolution
		{28C91AA0-DED5-400E-94CE-0641F89C7701}.Debug|Any CPU.ActiveCfg = Debug|Any CPU
		{28C91AA0-DED5-400E-94CE-0641F89C7701}.Debug|Any CPU.Build.0 = Debug|Any CPU
		{28C91AA0-DED5-400E-94CE-0641F89C7701}.Release|Any CPU.ActiveCfg = Release|Any CPU
		{28C91AA0-DED5-400E-94CE-0641F89C7701}.Release|Any CPU.Build.0 = Release|Any CPU
		{1E4FCB20-FB06-4886-8872-EDE1E6F2F97B}.Debug|Any CPU.ActiveCfg = Debug|Any CPU
		{1E4FCB20-FB06-4886-8872-EDE1E6F2F97B}.Debug|Any CPU.Build.0 = Debug|Any CPU
		{1E4FCB20-FB06-4886-8872-EDE1E6F2F97B}.Release|Any CPU.ActiveCfg = Release|Any CPU
		{1E4FCB20-FB06-4886-8872-EDE1E6F2F97B}.Release|Any CPU.Build.0 = Release|Any CPU
		{442D2640-3676-435C-B70B-0452A35B0741}.Debug|Any CPU.ActiveCfg = Debug|Any CPU
		{442D2640-3676-435C-B70B-0452A35B0741}.Debug|Any CPU.Build.0 = Debug|Any CPU
		{442D2640-3676-435C-B70B-0452A35B0741}.Release|Any CPU.ActiveCfg = Release|Any CPU
		{442D2640-3676-435C-B70B-0452A35B0741}.Release|Any CPU.Build.0 = Release|Any CPU
		{BD23D347-CA4A-4976-9B6C-DBD8DA99DAF1}.Debug|Any CPU.ActiveCfg = Debug|Any CPU
		{BD23D347-CA4A-4976-9B6C-DBD8DA99DAF1}.Debug|Any CPU.Build.0 = Debug|Any CPU
		{BD23D347-CA4A-4976-9B6C-DBD8DA99DAF1}.Release|Any CPU.ActiveCfg = Release|Any CPU
		{BD23D347-CA4A-4976-9B6C-DBD8DA99DAF1}.Release|Any CPU.Build.0 = Release|Any CPU
		{C0ECC2FB-9C92-4165-95AB-AF2639557F80}.Debug|Any CPU.ActiveCfg = Debug|Any CPU
		{C0ECC2FB-9C92-4165-95AB-AF2639557F80}.Debug|Any CPU.Build.0 = Debug|Any CPU
		{C0ECC2FB-9C92-4165-95AB-AF2639557F80}.Release|Any CPU.ActiveCfg = Release|Any CPU
		{C0ECC2FB-9C92-4165-95AB-AF2639557F80}.Release|Any CPU.Build.0 = Release|Any CPU
		{A749BC4B-D9FC-4A3A-AAD4-5F09B6BFD98D}.Debug|Any CPU.ActiveCfg = Debug|Any CPU
		{A749BC4B-D9FC-4A3A-AAD4-5F09B6BFD98D}.Debug|Any CPU.Build.0 = Debug|Any CPU
		{A749BC4B-D9FC-4A3A-AAD4-5F09B6BFD98D}.Release|Any CPU.ActiveCfg = Release|Any CPU
		{A749BC4B-D9FC-4A3A-AAD4-5F09B6BFD98D}.Release|Any CPU.Build.0 = Release|Any CPU
		{C1D07872-B785-4CCC-A253-FDBB400FC92E}.Debug|Any CPU.ActiveCfg = Debug|Any CPU
		{C1D07872-B785-4CCC-A253-FDBB400FC92E}.Debug|Any CPU.Build.0 = Debug|Any CPU
		{C1D07872-B785-4CCC-A253-FDBB400FC92E}.Release|Any CPU.ActiveCfg = Release|Any CPU
		{C1D07872-B785-4CCC-A253-FDBB400FC92E}.Release|Any CPU.Build.0 = Release|Any CPU
		{B4209244-ECA4-40CC-9BD8-DF68FF4E7342}.Debug|Any CPU.ActiveCfg = Debug|Any CPU
		{B4209244-ECA4-40CC-9BD8-DF68FF4E7342}.Debug|Any CPU.Build.0 = Debug|Any CPU
		{B4209244-ECA4-40CC-9BD8-DF68FF4E7342}.Release|Any CPU.ActiveCfg = Release|Any CPU
		{B4209244-ECA4-40CC-9BD8-DF68FF4E7342}.Release|Any CPU.Build.0 = Release|Any CPU
		{FBF64A4E-1DEA-4BA3-8224-12293D968B98}.Debug|Any CPU.ActiveCfg = Debug|Any CPU
		{FBF64A4E-1DEA-4BA3-8224-12293D968B98}.Debug|Any CPU.Build.0 = Debug|Any CPU
		{FBF64A4E-1DEA-4BA3-8224-12293D968B98}.Release|Any CPU.ActiveCfg = Release|Any CPU
		{FBF64A4E-1DEA-4BA3-8224-12293D968B98}.Release|Any CPU.Build.0 = Release|Any CPU
		{76898D7D-C6F9-4CEA-9A29-E4719F3C8492}.Debug|Any CPU.ActiveCfg = Debug|Any CPU
		{76898D7D-C6F9-4CEA-9A29-E4719F3C8492}.Debug|Any CPU.Build.0 = Debug|Any CPU
		{76898D7D-C6F9-4CEA-9A29-E4719F3C8492}.Release|Any CPU.ActiveCfg = Release|Any CPU
		{76898D7D-C6F9-4CEA-9A29-E4719F3C8492}.Release|Any CPU.Build.0 = Release|Any CPU
		{12CBD557-053A-451D-A02E-49793CDC73F9}.Debug|Any CPU.ActiveCfg = Debug|Any CPU
		{12CBD557-053A-451D-A02E-49793CDC73F9}.Debug|Any CPU.Build.0 = Debug|Any CPU
		{12CBD557-053A-451D-A02E-49793CDC73F9}.Release|Any CPU.ActiveCfg = Release|Any CPU
		{12CBD557-053A-451D-A02E-49793CDC73F9}.Release|Any CPU.Build.0 = Release|Any CPU
		{1A301EA2-AFD9-4F27-961B-3B2D98E60D7A}.Debug|Any CPU.ActiveCfg = Debug|Any CPU
		{1A301EA2-AFD9-4F27-961B-3B2D98E60D7A}.Debug|Any CPU.Build.0 = Debug|Any CPU
		{1A301EA2-AFD9-4F27-961B-3B2D98E60D7A}.Release|Any CPU.ActiveCfg = Release|Any CPU
		{1A301EA2-AFD9-4F27-961B-3B2D98E60D7A}.Release|Any CPU.Build.0 = Release|Any CPU
	EndGlobalSection
	GlobalSection(SolutionProperties) = preSolution
		HideSolutionNode = FALSE
	EndGlobalSection
	GlobalSection(ExtensibilityGlobals) = postSolution
		SolutionGuid = {08B4624C-CCFB-4C04-A5BD-15FC4D134155}
	EndGlobalSection
EndGlobal
